
Microsoft Visual Studio Solution File, Format Version 12.00
# Visual Studio 15
VisualStudioVersion = 15.0.28307.271
MinimumVisualStudioVersion = 10.0.40219.1
Project("{FAE04EC0-301F-11D3-BF4B-00C04F79EFBC}") = "ATMprogram", "ATMprogram\ATMprogram.csproj", "{18A2CE94-1698-46AD-974D-ECC5D551D550}"
EndProject
Global
	GlobalSection(SolutionConfigurationPlatforms) = preSolution
		Debug|Any CPU = Debug|Any CPU
		Release|Any CPU = Release|Any CPU
	EndGlobalSection
	GlobalSection(ProjectConfigurationPlatforms) = postSolution
		{18A2CE94-1698-46AD-974D-ECC5D551D550}.Debug|Any CPU.ActiveCfg = Debug|Any CPU
		{18A2CE94-1698-46AD-974D-ECC5D551D550}.Debug|Any CPU.Build.0 = Debug|Any CPU
		{18A2CE94-1698-46AD-974D-ECC5D551D550}.Release|Any CPU.ActiveCfg = Release|Any CPU
		{18A2CE94-1698-46AD-974D-ECC5D551D550}.Release|Any CPU.Build.0 = Release|Any CPU
	EndGlobalSection
	GlobalSection(SolutionProperties) = preSolution
		HideSolutionNode = FALSE
	EndGlobalSection
	GlobalSection(ExtensibilityGlobals) = postSolution
		SolutionGuid = {554CCECA-E7DE-4353-B2FC-AA1DBE59455C}
	EndGlobalSection
EndGlobal
